<?xml version="1.0" encoding="UTF-8" standalone="yes" ?>
<CodeBlocks_project_file>
	<FileVersion major="1" minor="6" />
	<Project>
		<Option title="fblock" />
		<Option makefile="makefile" />
		<Option pch_mode="2" />
		<Option compiler="gcc" />
		<Build>
			<Target title="Debug">
				<Option output="bin\Debug\fblock" prefix_auto="1" extension_auto="1" />
				<Option object_output="obj\Debug\" />
				<Option type="3" />
				<Option compiler="gcc" />
				<Option host_application="D:\Programs\FAR2-test\Far.exe" />
				<Compiler>
					<Add option="-Wall" />
					<Add option="-DBUILD_DLL" />
					<Add option="-g" />
				</Compiler>
			</Target>
			<Target title="Release">
				<Option output="..\fblock" prefix_auto="1" extension_auto="1" />
				<Option object_output="obj\Release\" />
				<Option type="3" />
				<Option compiler="gcc" />
				<Option host_application="D:\Programs\FAR2-test\Far.exe" />
				<Compiler>
					<Add option="-Wall" />
					<Add option="-DBUILD_DLL" />
					<Add option="-Os" />
				</Compiler>
				<Linker>
					<Add option="-s" />
				</Linker>
			</Target>
		</Build>
		<Compiler>
			<Add option="-fomit-frame-pointer" />
			<Add option="-Wall" />
			<Add option="-mno-cygwin" />
			<Add option="-fstrict-aliasing" />
			<Add option="-fno-rtti" />
			<Add option="-fno-exceptions" />
			<Add option="-fno-threadsafe-statics" />
			<Add option="-DUNICODE1" />
			<Add option="-D_UNICODE1" />
			<Add option="-DWIDE=1" />
			<Add option="-DNoStdNew1" />
		</Compiler>
		<Linker>
			<Add option="-mno-cygwin" />
			<Add option="-nostartfiles" />
			<Add option="-nodefaultlibs" />
			<Add option="-nostdlib" />
			<Add option="-Wl,-Map=../fblock.map" />
			<Add option="main.gcc.def" />
			<Add library="gcc" />
			<Add library="ntdll" />
			<Add library="advapi32" />
			<Add library="kernel32" />
			<Add library="mpr" />
			<Add library="shell32" />
			<Add library="shlwapi" />
			<Add library="user32" />
		</Linker>
		<Unit filename="main.cpp" />
		<Unit filename="main.rc">
			<Option compilerVar="WINDRES" />
		</Unit>
		<Unit filename="version.h" />
		<Extensions>
			<code_completion />
			<envvars />
			<debugger />
			<lib_finder disable_auto="1" />
			<AutoVersioning>
				<Scheme minor_max="10" build_max="0" rev_max="0" rev_rand_max="10" build_times_to_increment_minor="100" />
				<Settings autoincrement="1" date_declarations="1" do_auto_increment="0" ask_to_increment="0" language="C++" svn="0" svn_directory="" header_path="version.h" />
				<Changes_Log show_changes_editor="0" app_title="released version %M.%m.%b of %p" changeslog_path="..\ChangeLog" />
				<Code header_guard="VERSION_H" namespace="AutoVersion" prefix="" />
			</AutoVersioning>
		</Extensions>
	</Project>
</CodeBlocks_project_file>
