<?xml version="1.0" encoding="UTF-8" standalone="yes" ?>
<CodeBlocks_project_file>
	<FileVersion major="1" minor="6" />
	<Project>
		<Option title="win_net-x32" />
		<Option pch_mode="2" />
		<Option compiler="gcc" />
		<Build>
			<Target title="Debug">
				<Option output="D:\MINGW_ADD\lib\libwin_net_d" prefix_auto="1" extension_auto="1" />
				<Option working_dir="" />
				<Option object_output="obj\Debug-x32\" />
				<Option type="2" />
				<Option compiler="gcc" />
				<Compiler>
					<Add option="-g" />
					<Add option="-DDEBUG" />
					<Add option="-D_DEBUG" />
				</Compiler>
			</Target>
			<Target title="DebugMyStr">
				<Option output="D:\MINGW_ADD\lib\libwin_net_ds" prefix_auto="1" extension_auto="1" />
				<Option working_dir="" />
				<Option object_output="obj\Debug-x32-s\" />
				<Option type="2" />
				<Option compiler="gcc" />
				<Compiler>
					<Add option="-g" />
					<Add option="-DDEBUG" />
					<Add option="-D_DEBUG" />
					<Add option="-DNoStlString" />
				</Compiler>
			</Target>
			<Target title="Release">
				<Option output="D:\MINGW_ADD\lib\libwin_net" prefix_auto="1" extension_auto="1" />
				<Option working_dir="" />
				<Option object_output="obj\Release-x32\" />
				<Option type="2" />
				<Option compiler="gcc" />
				<Compiler>
					<Add option="-O3" />
				</Compiler>
			</Target>
			<Target title="ReleaseMyStr">
				<Option output="D:\MINGW_ADD\lib\libwin_net_s" prefix_auto="1" extension_auto="1" />
				<Option working_dir="" />
				<Option object_output="obj\Release-x32-s\" />
				<Option type="2" />
				<Option compiler="gcc" />
				<Compiler>
					<Add option="-O3" />
					<Add option="-DNoStlString" />
				</Compiler>
			</Target>
		</Build>
		<Compiler>
			<Add option="-Wall" />
			<Add option="-fno-rtti" />
			<Add option="-fno-threadsafe-statics" />
			<Add option="-DUNICODE" />
			<Add option="-D_UNICODE" />
		</Compiler>
		<Unit filename="auth.cpp" />
		<Unit filename="crypt.cpp" />
		<Unit filename="dacl.cpp" />
		<Unit filename="exec.cpp" />
		<Unit filename="fs.cpp" />
		<Unit filename="group.cpp" />
		<Unit filename="httpmgr.cpp" />
		<Unit filename="if.cpp" />
		<Unit filename="log.cpp" />
		<Unit filename="odbc.cpp" />
		<Unit filename="rc.cpp" />
		<Unit filename="reg.cpp" />
		<Unit filename="sd.cpp" />
		<Unit filename="service.cpp" />
		<Unit filename="sid.cpp" />
		<Unit filename="ts.cpp" />
		<Unit filename="user.cpp" />
		<Unit filename="win_net.cpp" />
		<Unit filename="7zip.h" />
		<Unit filename="c_map.h" />
		<Unit filename="container.h" />
		<Unit filename="crypt.h" />
		<Unit filename="file.h" />
		<Unit filename="httpmgr.h" />
		<Unit filename="odbc.h" />
		<Unit filename="reg.h" />
		<Unit filename="service.h" />
		<Unit filename="ts.h" />
		<Unit filename="user.h" />
		<Unit filename="wcout.h" />
		<Unit filename="win_net.h" />
		<Extensions>
			<code_completion />
			<envvars />
			<debugger />
			<lib_finder disable_auto="1" />
		</Extensions>
	</Project>
</CodeBlocks_project_file>
