<?xml version="1.0" encoding="UTF-8" standalone="yes" ?>
<CodeBlocks_project_file>
	<FileVersion major="1" minor="6" />
	<Project>
		<Option title="win_net-x64" />
		<Option pch_mode="2" />
		<Option compiler="gnu_gcc_compiler_64" />
		<Build>
			<Target title="Debug">
				<Option output="D:\MINGW_ADD\lib64\libwin_net_d" prefix_auto="1" extension_auto="1" />
				<Option working_dir="" />
				<Option object_output="obj\Debug-x64\" />
				<Option type="2" />
				<Option compiler="gnu_gcc_compiler_64" />
				<Compiler>
					<Add option="-Wall" />
					<Add option="-g" />
					<Add option="-DNoStlString" />
				</Compiler>
			</Target>
			<Target title="DebugStl">
				<Option output="D:\MINGW_ADD\lib64\libwin_net_ds" prefix_auto="1" extension_auto="1" />
				<Option working_dir="" />
				<Option object_output="obj\Debug-x64-s\" />
				<Option type="2" />
				<Option compiler="gnu_gcc_compiler_64" />
				<Compiler>
					<Add option="-Wall" />
					<Add option="-g" />
				</Compiler>
			</Target>
			<Target title="Release">
				<Option output="D:\MINGW_ADD\lib64\libwin_net" prefix_auto="1" extension_auto="1" />
				<Option working_dir="" />
				<Option object_output="obj\Release-x64\" />
				<Option type="2" />
				<Option compiler="gnu_gcc_compiler_64" />
				<Compiler>
					<Add option="-Wall" />
					<Add option="-Os" />
					<Add option="-DNoStlString" />
				</Compiler>
				<Linker>
					<Add option="-s" />
				</Linker>
			</Target>
			<Target title="ReleaseStl">
				<Option output="D:\MINGW_ADD\lib64\libwin_net_s" prefix_auto="1" extension_auto="1" />
				<Option working_dir="" />
				<Option object_output="obj\Release-x64-s\" />
				<Option type="2" />
				<Option compiler="gnu_gcc_compiler_64" />
				<Compiler>
					<Add option="-Os" />
					<Add option="-Wall" />
				</Compiler>
				<Linker>
					<Add option="-s" />
				</Linker>
			</Target>
		</Build>
		<Compiler>
			<Add option="-fomit-frame-pointer" />
			<Add option="-Wall" />
			<Add option="-mno-cygwin" />
			<Add option="-fstrict-aliasing" />
			<Add option="-fno-rtti" />
			<Add option="-fno-threadsafe-statics" />
			<Add option="-DUNICODE" />
			<Add option="-D_UNICODE" />
			<Add option="-DWIDE=1" />
		</Compiler>
		<Linker>
			<Add option="-mno-cygwin" />
			<Add option="-nostartfiles" />
			<Add option="-nodefaultlibs" />
			<Add option="-nostdlib" />
			<Add library="gcc" />
			<Add library="ntdll" />
			<Add library="advapi32" />
			<Add library="kernel32" />
			<Add library="mpr" />
			<Add library="shell32" />
			<Add library="shlwapi" />
		</Linker>
		<Unit filename="win_net.cpp" />
		<Unit filename="win_net_rc.cpp" />
		<Unit filename="win_net_svc.cpp" />
		<Unit filename="win_net_ts.cpp" />
		<Unit filename="..\win_def.h" />
		<Unit filename="..\win_net.h" />
		<Extensions>
			<code_completion />
			<envvars />
			<debugger />
			<lib_finder disable_auto="1" />
		</Extensions>
	</Project>
</CodeBlocks_project_file>
