<?xml version="1.0" encoding="UTF-8" standalone="yes" ?>
<CodeBlocks_project_file>
	<FileVersion major="1" minor="6" />
	<Project>
		<Option title="win_net" />
		<Option pch_mode="2" />
		<Option compiler="gcc" />
		<Build>
			<Target title="Debug">
				<Option output="D:\MINGW_ADD\lib\libwin_net_d" prefix_auto="1" extension_auto="1" />
				<Option working_dir="" />
				<Option object_output="obj\Debug\" />
				<Option type="2" />
				<Option compiler="gcc" />
				<Compiler>
					<Add option="-g" />
					<Add option="-DDEBUG" />
					<Add option="-D_DEBUG" />
				</Compiler>
			</Target>
			<Target title="DebugMyStr">
				<Option output="D:\MINGW_ADD\lib\libwin_net_ds" prefix_auto="1" extension_auto="1" />
				<Option working_dir="" />
				<Option object_output="obj\Debug-s\" />
				<Option type="2" />
				<Option compiler="gcc" />
				<Compiler>
					<Add option="-g" />
					<Add option="-DDEBUG" />
					<Add option="-D_DEBUG" />
					<Add option="-DNoStlString" />
				</Compiler>
			</Target>
			<Target title="Release">
				<Option output="D:\MINGW_ADD\lib\libwin_net" prefix_auto="1" extension_auto="1" />
				<Option working_dir="" />
				<Option object_output="obj\Release\" />
				<Option type="2" />
				<Option compiler="gcc" />
				<Compiler>
					<Add option="-Os" />
				</Compiler>
			</Target>
			<Target title="ReleaseMyStr">
				<Option output="D:\MINGW_ADD\lib\libwin_net_s" prefix_auto="1" extension_auto="1" />
				<Option working_dir="" />
				<Option object_output="obj\Release-s\" />
				<Option type="2" />
				<Option compiler="gcc" />
				<Compiler>
					<Add option="-Os" />
					<Add option="-DNoStlString" />
				</Compiler>
			</Target>
		</Build>
		<Compiler>
			<Add option="-Wall" />
			<Add option="-fno-rtti" />
			<Add option="-fno-threadsafe-statics" />
			<Add option="-DUNICODE" />
			<Add option="-D_UNICODE" />
		</Compiler>
		<Unit filename="win_net.cpp" />
		<Unit filename="win_net_auth.cpp" />
		<Unit filename="win_net_crypt.cpp" />
		<Unit filename="win_net_dacl.cpp" />
		<Unit filename="win_net_exec.cpp" />
		<Unit filename="win_net_fs.cpp" />
		<Unit filename="win_net_group.cpp" />
		<Unit filename="win_net_if.cpp" />
		<Unit filename="win_net_log.cpp" />
		<Unit filename="win_net_rc.cpp" />
		<Unit filename="win_net_sd.cpp" />
		<Unit filename="win_net_sid.cpp" />
		<Unit filename="win_net_svc.cpp" />
		<Unit filename="win_net_ts.cpp" />
		<Unit filename="win_net_user.cpp" />
		<Unit filename="..\win_autostr.h" />
		<Unit filename="..\win_autoutf.h" />
		<Unit filename="..\win_def.h" />
		<Unit filename="..\win_net.h" />
		<Unit filename="..\win_std.h" />
		<Extensions>
			<code_completion />
			<envvars />
			<debugger />
			<lib_finder disable_auto="1" />
		</Extensions>
	</Project>
</CodeBlocks_project_file>
