<?xml version="1.0" encoding="UTF-8" standalone="yes" ?>
<CodeBlocks_project_file>
	<FileVersion major="1" minor="6" />
	<Project>
		<Option title="win_def" />
		<Option pch_mode="2" />
		<Option compiler="gcc" />
		<Build>
			<Target title="Debug">
				<Option output="D:\MINGW_ADD\lib\libwin_def_d" prefix_auto="1" extension_auto="1" />
				<Option working_dir="" />
				<Option object_output="obj\Debug\" />
				<Option type="2" />
				<Option compiler="gcc" />
				<Option createDefFile="1" />
				<Compiler>
					<Add option="-Wall" />
					<Add option="-g" />
				</Compiler>
			</Target>
			<Target title="Release">
				<Option output="D:\MINGW_ADD\lib\libwin_def" prefix_auto="1" extension_auto="1" />
				<Option working_dir="" />
				<Option object_output="obj\Release\" />
				<Option type="2" />
				<Option compiler="gcc" />
				<Option createDefFile="1" />
				<Compiler>
					<Add option="-Wall" />
					<Add option="-Os" />
				</Compiler>
				<Linker>
					<Add option="-s" />
				</Linker>
			</Target>
		</Build>
		<Compiler>
			<Add option="-fomit-frame-pointer" />
			<Add option="-Wall" />
			<Add option="-mno-cygwin" />
			<Add option="-fstrict-aliasing" />
			<Add option="-fno-rtti" />
			<Add option="-fno-exceptions" />
			<Add option="-fno-threadsafe-statics" />
			<Add option="-DUNICODE" />
			<Add option="-D_UNICODE" />
			<Add option="-DWIDE=1" />
		</Compiler>
		<Linker>
			<Add option="-mno-cygwin" />
			<Add option="-nostartfiles" />
			<Add option="-nodefaultlibs" />
			<Add option="-nostdlib" />
			<Add library="gcc" />
			<Add library="ntdll" />
			<Add library="msvcrt" />
			<Add library="advapi32" />
			<Add library="kernel32" />
			<Add library="mpr" />
			<Add library="shell32" />
			<Add library="shlwapi" />
		</Linker>
		<Unit filename="win_def.cpp" />
		<Unit filename="win_def_console.cpp" />
		<Unit filename="win_def_env.cpp" />
		<Unit filename="win_def_exec.cpp" />
		<Unit filename="win_def_path.cpp" />
		<Unit filename="win_def_priv.cpp" />
		<Unit filename="win_def_str.cpp" />
		<Unit filename="win_def_wow64.cpp" />
		<Unit filename="..\win_def.h" />
		<Extensions>
			<code_completion />
			<envvars />
			<debugger />
			<lib_finder disable_auto="1" />
		</Extensions>
	</Project>
</CodeBlocks_project_file>
